
Microsoft Visual Studio Solution File, Format Version 12.00
# Visual Studio 15
VisualStudioVersion = 15.0.28307.1321
MinimumVisualStudioVersion = 10.0.40219.1
Project("{FAE04EC0-301F-11D3-BF4B-00C04F79EFBC}") = "PD1", "PD1\PD1.csproj", "{B31421F4-5D8A-4A01-8EFB-8050F1FFC56A}"
EndProject
Global
	GlobalSection(SolutionConfigurationPlatforms) = preSolution
		Debug|Any CPU = Debug|Any CPU
		Release|Any CPU = Release|Any CPU
	EndGlobalSection
	GlobalSection(ProjectConfigurationPlatforms) = postSolution
		{B31421F4-5D8A-4A01-8EFB-8050F1FFC56A}.Debug|Any CPU.ActiveCfg = Debug|Any CPU
		{B31421F4-5D8A-4A01-8EFB-8050F1FFC56A}.Debug|Any CPU.Build.0 = Debug|Any CPU
		{B31421F4-5D8A-4A01-8EFB-8050F1FFC56A}.Release|Any CPU.ActiveCfg = Release|Any CPU
		{B31421F4-5D8A-4A01-8EFB-8050F1FFC56A}.Release|Any CPU.Build.0 = Release|Any CPU
	EndGlobalSection
	GlobalSection(SolutionProperties) = preSolution
		HideSolutionNode = FALSE
	EndGlobalSection
	GlobalSection(ExtensibilityGlobals) = postSolution
		SolutionGuid = {F808CD73-27CE-44F1-ADAC-7EDD548A0EDF}
	EndGlobalSection
EndGlobal
